// !$*UTF8*$!
{
	archiveVersion = 1;
	classes = {
	};
	objectVersion = 52;
	objects = {

/* Begin PBXBuildFile section */
		C56E70B02687F21A00496EF7 /* AppDelegate.swift in Sources */ = {isa = PBXBuildFile; fileRef = C56E70AF2687F21A00496EF7 /* AppDelegate.swift */; };
		C56E70B22687F21A00496EF7 /* SceneDelegate.swift in Sources */ = {isa = PBXBuildFile; fileRef = C56E70B12687F21A00496EF7 /* SceneDelegate.swift */; };
		C56E70B42687F21A00496EF7 /* HomeViewController.swift in Sources */ = {isa = PBXBuildFile; fileRef = C56E70B32687F21A00496EF7 /* HomeViewController.swift */; };
		C56E70B92687F21D00496EF7 /* Assets.xcassets in Resources */ = {isa = PBXBuildFile; fileRef = C56E70B82687F21D00496EF7 /* Assets.xcassets */; };
		C56E70BC2687F21D00496EF7 /* LaunchScreen.storyboard in Resources */ = {isa = PBXBuildFile; fileRef = C56E70BA2687F21D00496EF7 /* LaunchScreen.storyboard */; };
		C56E70C72687F21D00496EF7 /* MarvelAppTests.swift in Sources */ = {isa = PBXBuildFile; fileRef = C56E70C62687F21D00496EF7 /* MarvelAppTests.swift */; };
		C56E70D22687F21D00496EF7 /* MarvelAppUITests.swift in Sources */ = {isa = PBXBuildFile; fileRef = C56E70D12687F21D00496EF7 /* MarvelAppUITests.swift */; };
		C56E70E12687F32500496EF7 /* Alamofire in Frameworks */ = {isa = PBXBuildFile; productRef = C56E70E02687F32500496EF7 /* Alamofire */; };
		C56E70E42687F3B100496EF7 /* Moya in Frameworks */ = {isa = PBXBuildFile; productRef = C56E70E32687F3B100496EF7 /* Moya */; };
		C56E70ED2688016600496EF7 /* Character.swift in Sources */ = {isa = PBXBuildFile; fileRef = C56E70EC2688016600496EF7 /* Character.swift */; };
		C56E70FA2688215000496EF7 /* Endpoints.swift in Sources */ = {isa = PBXBuildFile; fileRef = C56E70F82688215000496EF7 /* Endpoints.swift */; };
		C56E70FB2688215000496EF7 /* NetworkManager.swift in Sources */ = {isa = PBXBuildFile; fileRef = C56E70F92688215000496EF7 /* NetworkManager.swift */; };
		C56E70FD268913C800496EF7 /* CharacterDetailViewController.swift in Sources */ = {isa = PBXBuildFile; fileRef = C56E70FC268913C800496EF7 /* CharacterDetailViewController.swift */; };
		C5E8D6212698DFC100AEDB26 /* HomeProtocols.swift in Sources */ = {isa = PBXBuildFile; fileRef = C5E8D6202698DFC100AEDB26 /* HomeProtocols.swift */; };
		C5E8D62B26990F3A00AEDB26 /* HomePresenter.swift in Sources */ = {isa = PBXBuildFile; fileRef = C5E8D62A26990F3A00AEDB26 /* HomePresenter.swift */; };
		C5E8D62D2699129600AEDB26 /* HomeInteractor.swift in Sources */ = {isa = PBXBuildFile; fileRef = C5E8D62C2699129600AEDB26 /* HomeInteractor.swift */; };
		C5E8D62F26991A4500AEDB26 /* HomeRouter.swift in Sources */ = {isa = PBXBuildFile; fileRef = C5E8D62E26991A4500AEDB26 /* HomeRouter.swift */; };
/* End PBXBuildFile section */

/* Begin PBXContainerItemProxy section */
		C56E70C32687F21D00496EF7 /* PBXContainerItemProxy */ = {
			isa = PBXContainerItemProxy;
			containerPortal = C56E70A42687F21A00496EF7 /* Project object */;
			proxyType = 1;
			remoteGlobalIDString = C56E70AB2687F21A00496EF7;
			remoteInfo = MarvelApp;
		};
		C56E70CE2687F21D00496EF7 /* PBXContainerItemProxy */ = {
			isa = PBXContainerItemProxy;
			containerPortal = C56E70A42687F21A00496EF7 /* Project object */;
			proxyType = 1;
			remoteGlobalIDString = C56E70AB2687F21A00496EF7;
			remoteInfo = MarvelApp;
		};
/* End PBXContainerItemProxy section */

/* Begin PBXFileReference section */
		C56E70AC2687F21A00496EF7 /* MarvelApp.app */ = {isa = PBXFileReference; explicitFileType = wrapper.application; includeInIndex = 0; path = MarvelApp.app; sourceTree = BUILT_PRODUCTS_DIR; };
		C56E70AF2687F21A00496EF7 /* AppDelegate.swift */ = {isa = PBXFileReference; lastKnownFileType = sourcecode.swift; path = AppDelegate.swift; sourceTree = "<group>"; };
		C56E70B12687F21A00496EF7 /* SceneDelegate.swift */ = {isa = PBXFileReference; lastKnownFileType = sourcecode.swift; path = SceneDelegate.swift; sourceTree = "<group>"; };
		C56E70B32687F21A00496EF7 /* HomeViewController.swift */ = {isa = PBXFileReference; lastKnownFileType = sourcecode.swift; path = HomeViewController.swift; sourceTree = "<group>"; };
		C56E70B82687F21D00496EF7 /* Assets.xcassets */ = {isa = PBXFileReference; lastKnownFileType = folder.assetcatalog; path = Assets.xcassets; sourceTree = "<group>"; };
		C56E70BB2687F21D00496EF7 /* Base */ = {isa = PBXFileReference; lastKnownFileType = file.storyboard; name = Base; path = Base.lproj/LaunchScreen.storyboard; sourceTree = "<group>"; };
		C56E70BD2687F21D00496EF7 /* Info.plist */ = {isa = PBXFileReference; lastKnownFileType = text.plist.xml; path = Info.plist; sourceTree = "<group>"; };
		C56E70C22687F21D00496EF7 /* MarvelAppTests.xctest */ = {isa = PBXFileReference; explicitFileType = wrapper.cfbundle; includeInIndex = 0; path = MarvelAppTests.xctest; sourceTree = BUILT_PRODUCTS_DIR; };
		C56E70C62687F21D00496EF7 /* MarvelAppTests.swift */ = {isa = PBXFileReference; lastKnownFileType = sourcecode.swift; path = MarvelAppTests.swift; sourceTree = "<group>"; };
		C56E70C82687F21D00496EF7 /* Info.plist */ = {isa = PBXFileReference; lastKnownFileType = text.plist.xml; path = Info.plist; sourceTree = "<group>"; };
		C56E70CD2687F21D00496EF7 /* MarvelAppUITests.xctest */ = {isa = PBXFileReference; explicitFileType = wrapper.cfbundle; includeInIndex = 0; path = MarvelAppUITests.xctest; sourceTree = BUILT_PRODUCTS_DIR; };
		C56E70D12687F21D00496EF7 /* MarvelAppUITests.swift */ = {isa = PBXFileReference; lastKnownFileType = sourcecode.swift; path = MarvelAppUITests.swift; sourceTree = "<group>"; };
		C56E70D32687F21D00496EF7 /* Info.plist */ = {isa = PBXFileReference; lastKnownFileType = text.plist.xml; path = Info.plist; sourceTree = "<group>"; };
		C56E70EC2688016600496EF7 /* Character.swift */ = {isa = PBXFileReference; lastKnownFileType = sourcecode.swift; path = Character.swift; sourceTree = "<group>"; };
		C56E70F82688215000496EF7 /* Endpoints.swift */ = {isa = PBXFileReference; fileEncoding = 4; lastKnownFileType = sourcecode.swift; path = Endpoints.swift; sourceTree = "<group>"; };
		C56E70F92688215000496EF7 /* NetworkManager.swift */ = {isa = PBXFileReference; fileEncoding = 4; lastKnownFileType = sourcecode.swift; path = NetworkManager.swift; sourceTree = "<group>"; };
		C56E70FC268913C800496EF7 /* CharacterDetailViewController.swift */ = {isa = PBXFileReference; lastKnownFileType = sourcecode.swift; path = CharacterDetailViewController.swift; sourceTree = "<group>"; };
		C5E8D6202698DFC100AEDB26 /* HomeProtocols.swift */ = {isa = PBXFileReference; lastKnownFileType = sourcecode.swift; path = HomeProtocols.swift; sourceTree = "<group>"; };
		C5E8D62A26990F3A00AEDB26 /* HomePresenter.swift */ = {isa = PBXFileReference; lastKnownFileType = sourcecode.swift; path = HomePresenter.swift; sourceTree = "<group>"; };
		C5E8D62C2699129600AEDB26 /* HomeInteractor.swift */ = {isa = PBXFileReference; lastKnownFileType = sourcecode.swift; path = HomeInteractor.swift; sourceTree = "<group>"; };
		C5E8D62E26991A4500AEDB26 /* HomeRouter.swift */ = {isa = PBXFileReference; lastKnownFileType = sourcecode.swift; path = HomeRouter.swift; sourceTree = "<group>"; };
/* End PBXFileReference section */

/* Begin PBXFrameworksBuildPhase section */
		C56E70A92687F21A00496EF7 /* Frameworks */ = {
			isa = PBXFrameworksBuildPhase;
			buildActionMask = 2147483647;
			files = (
				C56E70E42687F3B100496EF7 /* Moya in Frameworks */,
				C56E70E12687F32500496EF7 /* Alamofire in Frameworks */,
			);
			runOnlyForDeploymentPostprocessing = 0;
		};
		C56E70BF2687F21D00496EF7 /* Frameworks */ = {
			isa = PBXFrameworksBuildPhase;
			buildActionMask = 2147483647;
			files = (
			);
			runOnlyForDeploymentPostprocessing = 0;
		};
		C56E70CA2687F21D00496EF7 /* Frameworks */ = {
			isa = PBXFrameworksBuildPhase;
			buildActionMask = 2147483647;
			files = (
			);
			runOnlyForDeploymentPostprocessing = 0;
		};
/* End PBXFrameworksBuildPhase section */

/* Begin PBXGroup section */
		C56E70A32687F21A00496EF7 = {
			isa = PBXGroup;
			children = (
				C56E70AE2687F21A00496EF7 /* MarvelApp */,
				C56E70C52687F21D00496EF7 /* MarvelAppTests */,
				C56E70D02687F21D00496EF7 /* MarvelAppUITests */,
				C56E70AD2687F21A00496EF7 /* Products */,
			);
			sourceTree = "<group>";
		};
		C56E70AD2687F21A00496EF7 /* Products */ = {
			isa = PBXGroup;
			children = (
				C56E70AC2687F21A00496EF7 /* MarvelApp.app */,
				C56E70C22687F21D00496EF7 /* MarvelAppTests.xctest */,
				C56E70CD2687F21D00496EF7 /* MarvelAppUITests.xctest */,
			);
			name = Products;
			sourceTree = "<group>";
		};
		C56E70AE2687F21A00496EF7 /* MarvelApp */ = {
			isa = PBXGroup;
			children = (
				C56E70F72688215000496EF7 /* Network */,
				C5E8D6222698DFD500AEDB26 /* Protocols */,
				C56E70E92687F4AE00496EF7 /* View */,
				C56E70E82687F4AC00496EF7 /* Interactor */,
				C56E70E72687F4AA00496EF7 /* Presenter */,
				C56E70E62687F4A900496EF7 /* Entity */,
				C56E70E52687F4A600496EF7 /* Router */,
				C56E70AF2687F21A00496EF7 /* AppDelegate.swift */,
				C56E70B12687F21A00496EF7 /* SceneDelegate.swift */,
				C56E70B82687F21D00496EF7 /* Assets.xcassets */,
				C56E70BA2687F21D00496EF7 /* LaunchScreen.storyboard */,
				C56E70BD2687F21D00496EF7 /* Info.plist */,
			);
			path = MarvelApp;
			sourceTree = "<group>";
		};
		C56E70C52687F21D00496EF7 /* MarvelAppTests */ = {
			isa = PBXGroup;
			children = (
				C56E70C62687F21D00496EF7 /* MarvelAppTests.swift */,
				C56E70C82687F21D00496EF7 /* Info.plist */,
			);
			path = MarvelAppTests;
			sourceTree = "<group>";
		};
		C56E70D02687F21D00496EF7 /* MarvelAppUITests */ = {
			isa = PBXGroup;
			children = (
				C56E70D12687F21D00496EF7 /* MarvelAppUITests.swift */,
				C56E70D32687F21D00496EF7 /* Info.plist */,
			);
			path = MarvelAppUITests;
			sourceTree = "<group>";
		};
		C56E70E52687F4A600496EF7 /* Router */ = {
			isa = PBXGroup;
			children = (
				C5E8D62E26991A4500AEDB26 /* HomeRouter.swift */,
			);
			path = Router;
			sourceTree = "<group>";
		};
		C56E70E62687F4A900496EF7 /* Entity */ = {
			isa = PBXGroup;
			children = (
				C56E70EC2688016600496EF7 /* Character.swift */,
			);
			path = Entity;
			sourceTree = "<group>";
		};
		C56E70E72687F4AA00496EF7 /* Presenter */ = {
			isa = PBXGroup;
			children = (
				C5E8D62A26990F3A00AEDB26 /* HomePresenter.swift */,
			);
			path = Presenter;
			sourceTree = "<group>";
		};
		C56E70E82687F4AC00496EF7 /* Interactor */ = {
			isa = PBXGroup;
			children = (
				C5E8D62C2699129600AEDB26 /* HomeInteractor.swift */,
			);
			path = Interactor;
			sourceTree = "<group>";
		};
		C56E70E92687F4AE00496EF7 /* View */ = {
			isa = PBXGroup;
			children = (
				C56E70B32687F21A00496EF7 /* HomeViewController.swift */,
				C56E70FC268913C800496EF7 /* CharacterDetailViewController.swift */,
			);
			path = View;
			sourceTree = "<group>";
		};
		C56E70F72688215000496EF7 /* Network */ = {
			isa = PBXGroup;
			children = (
				C56E70F82688215000496EF7 /* Endpoints.swift */,
				C56E70F92688215000496EF7 /* NetworkManager.swift */,
			);
			path = Network;
			sourceTree = "<group>";
		};
		C5E8D6222698DFD500AEDB26 /* Protocols */ = {
			isa = PBXGroup;
			children = (
				C5E8D6202698DFC100AEDB26 /* HomeProtocols.swift */,
			);
			path = Protocols;
			sourceTree = "<group>";
		};
/* End PBXGroup section */

/* Begin PBXNativeTarget section */
		C56E70AB2687F21A00496EF7 /* MarvelApp */ = {
			isa = PBXNativeTarget;
			buildConfigurationList = C56E70D62687F21D00496EF7 /* Build configuration list for PBXNativeTarget "MarvelApp" */;
			buildPhases = (
				C56E70A82687F21A00496EF7 /* Sources */,
				C56E70A92687F21A00496EF7 /* Frameworks */,
				C56E70AA2687F21A00496EF7 /* Resources */,
			);
			buildRules = (
			);
			dependencies = (
			);
			name = MarvelApp;
			packageProductDependencies = (
				C56E70E02687F32500496EF7 /* Alamofire */,
				C56E70E32687F3B100496EF7 /* Moya */,
			);
			productName = MarvelApp;
			productReference = C56E70AC2687F21A00496EF7 /* MarvelApp.app */;
			productType = "com.apple.product-type.application";
		};
		C56E70C12687F21D00496EF7 /* MarvelAppTests */ = {
			isa = PBXNativeTarget;
			buildConfigurationList = C56E70D92687F21D00496EF7 /* Build configuration list for PBXNativeTarget "MarvelAppTests" */;
			buildPhases = (
				C56E70BE2687F21D00496EF7 /* Sources */,
				C56E70BF2687F21D00496EF7 /* Frameworks */,
				C56E70C02687F21D00496EF7 /* Resources */,
			);
			buildRules = (
			);
			dependencies = (
				C56E70C42687F21D00496EF7 /* PBXTargetDependency */,
			);
			name = MarvelAppTests;
			productName = MarvelAppTests;
			productReference = C56E70C22687F21D00496EF7 /* MarvelAppTests.xctest */;
			productType = "com.apple.product-type.bundle.unit-test";
		};
		C56E70CC2687F21D00496EF7 /* MarvelAppUITests */ = {
			isa = PBXNativeTarget;
			buildConfigurationList = C56E70DC2687F21D00496EF7 /* Build configuration list for PBXNativeTarget "MarvelAppUITests" */;
			buildPhases = (
				C56E70C92687F21D00496EF7 /* Sources */,
				C56E70CA2687F21D00496EF7 /* Frameworks */,
				C56E70CB2687F21D00496EF7 /* Resources */,
			);
			buildRules = (
			);
			dependencies = (
				C56E70CF2687F21D00496EF7 /* PBXTargetDependency */,
			);
			name = MarvelAppUITests;
			productName = MarvelAppUITests;
			productReference = C56E70CD2687F21D00496EF7 /* MarvelAppUITests.xctest */;
			productType = "com.apple.product-type.bundle.ui-testing";
		};
/* End PBXNativeTarget section */

/* Begin PBXProject section */
		C56E70A42687F21A00496EF7 /* Project object */ = {
			isa = PBXProject;
			attributes = {
				LastSwiftUpdateCheck = 1250;
				LastUpgradeCheck = 1250;
				TargetAttributes = {
					C56E70AB2687F21A00496EF7 = {
						CreatedOnToolsVersion = 12.5;
					};
					C56E70C12687F21D00496EF7 = {
						CreatedOnToolsVersion = 12.5;
						TestTargetID = C56E70AB2687F21A00496EF7;
					};
					C56E70CC2687F21D00496EF7 = {
						CreatedOnToolsVersion = 12.5;
						TestTargetID = C56E70AB2687F21A00496EF7;
					};
				};
			};
			buildConfigurationList = C56E70A72687F21A00496EF7 /* Build configuration list for PBXProject "MarvelApp" */;
			compatibilityVersion = "Xcode 9.3";
			developmentRegion = en;
			hasScannedForEncodings = 0;
			knownRegions = (
				en,
				Base,
			);
			mainGroup = C56E70A32687F21A00496EF7;
			packageReferences = (
				C56E70DF2687F32500496EF7 /* XCRemoteSwiftPackageReference "Alamofire" */,
				C56E70E22687F3B100496EF7 /* XCRemoteSwiftPackageReference "Moya" */,
			);
			productRefGroup = C56E70AD2687F21A00496EF7 /* Products */;
			projectDirPath = "";
			projectRoot = "";
			targets = (
				C56E70AB2687F21A00496EF7 /* MarvelApp */,
				C56E70C12687F21D00496EF7 /* MarvelAppTests */,
				C56E70CC2687F21D00496EF7 /* MarvelAppUITests */,
			);
		};
/* End PBXProject section */

/* Begin PBXResourcesBuildPhase section */
		C56E70AA2687F21A00496EF7 /* Resources */ = {
			isa = PBXResourcesBuildPhase;
			buildActionMask = 2147483647;
			files = (
				C56E70BC2687F21D00496EF7 /* LaunchScreen.storyboard in Resources */,
				C56E70B92687F21D00496EF7 /* Assets.xcassets in Resources */,
			);
			runOnlyForDeploymentPostprocessing = 0;
		};
		C56E70C02687F21D00496EF7 /* Resources */ = {
			isa = PBXResourcesBuildPhase;
			buildActionMask = 2147483647;
			files = (
			);
			runOnlyForDeploymentPostprocessing = 0;
		};
		C56E70CB2687F21D00496EF7 /* Resources */ = {
			isa = PBXResourcesBuildPhase;
			buildActionMask = 2147483647;
			files = (
			);
			runOnlyForDeploymentPostprocessing = 0;
		};
/* End PBXResourcesBuildPhase section */

/* Begin PBXSourcesBuildPhase section */
		C56E70A82687F21A00496EF7 /* Sources */ = {
			isa = PBXSourcesBuildPhase;
			buildActionMask = 2147483647;
			files = (
				C56E70FB2688215000496EF7 /* NetworkManager.swift in Sources */,
				C56E70B42687F21A00496EF7 /* HomeViewController.swift in Sources */,
				C5E8D6212698DFC100AEDB26 /* HomeProtocols.swift in Sources */,
				C5E8D62D2699129600AEDB26 /* HomeInteractor.swift in Sources */,
				C56E70FD268913C800496EF7 /* CharacterDetailViewController.swift in Sources */,
				C56E70ED2688016600496EF7 /* Character.swift in Sources */,
				C56E70B02687F21A00496EF7 /* AppDelegate.swift in Sources */,
				C5E8D62B26990F3A00AEDB26 /* HomePresenter.swift in Sources */,
				C56E70FA2688215000496EF7 /* Endpoints.swift in Sources */,
				C56E70B22687F21A00496EF7 /* SceneDelegate.swift in Sources */,
				C5E8D62F26991A4500AEDB26 /* HomeRouter.swift in Sources */,
			);
			runOnlyForDeploymentPostprocessing = 0;
		};
		C56E70BE2687F21D00496EF7 /* Sources */ = {
			isa = PBXSourcesBuildPhase;
			buildActionMask = 2147483647;
			files = (
				C56E70C72687F21D00496EF7 /* MarvelAppTests.swift in Sources */,
			);
			runOnlyForDeploymentPostprocessing = 0;
		};
		C56E70C92687F21D00496EF7 /* Sources */ = {
			isa = PBXSourcesBuildPhase;
			buildActionMask = 2147483647;
			files = (
				C56E70D22687F21D00496EF7 /* MarvelAppUITests.swift in Sources */,
			);
			runOnlyForDeploymentPostprocessing = 0;
		};
/* End PBXSourcesBuildPhase section */

/* Begin PBXTargetDependency section */
		C56E70C42687F21D00496EF7 /* PBXTargetDependency */ = {
			isa = PBXTargetDependency;
			target = C56E70AB2687F21A00496EF7 /* MarvelApp */;
			targetProxy = C56E70C32687F21D00496EF7 /* PBXContainerItemProxy */;
		};
		C56E70CF2687F21D00496EF7 /* PBXTargetDependency */ = {
			isa = PBXTargetDependency;
			target = C56E70AB2687F21A00496EF7 /* MarvelApp */;
			targetProxy = C56E70CE2687F21D00496EF7 /* PBXContainerItemProxy */;
		};
/* End PBXTargetDependency section */

/* Begin PBXVariantGroup section */
		C56E70BA2687F21D00496EF7 /* LaunchScreen.storyboard */ = {
			isa = PBXVariantGroup;
			children = (
				C56E70BB2687F21D00496EF7 /* Base */,
			);
			name = LaunchScreen.storyboard;
			sourceTree = "<group>";
		};
/* End PBXVariantGroup section */

/* Begin XCBuildConfiguration section */
		C56E70D42687F21D00496EF7 /* Debug */ = {
			isa = XCBuildConfiguration;
			buildSettings = {
				ALWAYS_SEARCH_USER_PATHS = NO;
				CLANG_ANALYZER_NONNULL = YES;
				CLANG_ANALYZER_NUMBER_OBJECT_CONVERSION = YES_AGGRESSIVE;
				CLANG_CXX_LANGUAGE_STANDARD = "gnu++14";
				CLANG_CXX_LIBRARY = "libc++";
				CLANG_ENABLE_MODULES = YES;
				CLANG_ENABLE_OBJC_ARC = YES;
				CLANG_ENABLE_OBJC_WEAK = YES;
				CLANG_WARN_BLOCK_CAPTURE_AUTORELEASING = YES;
				CLANG_WARN_BOOL_CONVERSION = YES;
				CLANG_WARN_COMMA = YES;
				CLANG_WARN_CONSTANT_CONVERSION = YES;
				CLANG_WARN_DEPRECATED_OBJC_IMPLEMENTATIONS = YES;
				CLANG_WARN_DIRECT_OBJC_ISA_USAGE = YES_ERROR;
				CLANG_WARN_DOCUMENTATION_COMMENTS = YES;
				CLANG_WARN_EMPTY_BODY = YES;
				CLANG_WARN_ENUM_CONVERSION = YES;
				CLANG_WARN_INFINITE_RECURSION = YES;
				CLANG_WARN_INT_CONVERSION = YES;
				CLANG_WARN_NON_LITERAL_NULL_CONVERSION = YES;
				CLANG_WARN_OBJC_IMPLICIT_RETAIN_SELF = YES;
				CLANG_WARN_OBJC_LITERAL_CONVERSION = YES;
				CLANG_WARN_OBJC_ROOT_CLASS = YES_ERROR;
				CLANG_WARN_QUOTED_INCLUDE_IN_FRAMEWORK_HEADER = YES;
				CLANG_WARN_RANGE_LOOP_ANALYSIS = YES;
				CLANG_WARN_STRICT_PROTOTYPES = YES;
				CLANG_WARN_SUSPICIOUS_MOVE = YES;
				CLANG_WARN_UNGUARDED_AVAILABILITY = YES_AGGRESSIVE;
				CLANG_WARN_UNREACHABLE_CODE = YES;
				CLANG_WARN__DUPLICATE_METHOD_MATCH = YES;
				COPY_PHASE_STRIP = NO;
				DEBUG_INFORMATION_FORMAT = dwarf;
				ENABLE_STRICT_OBJC_MSGSEND = YES;
				ENABLE_TESTABILITY = YES;
				GCC_C_LANGUAGE_STANDARD = gnu11;
				GCC_DYNAMIC_NO_PIC = NO;
				GCC_NO_COMMON_BLOCKS = YES;
				GCC_OPTIMIZATION_LEVEL = 0;
				GCC_PREPROCESSOR_DEFINITIONS = (
					"DEBUG=1",
					"$(inherited)",
				);
				GCC_WARN_64_TO_32_BIT_CONVERSION = YES;
				GCC_WARN_ABOUT_RETURN_TYPE = YES_ERROR;
				GCC_WARN_UNDECLARED_SELECTOR = YES;
				GCC_WARN_UNINITIALIZED_AUTOS = YES_AGGRESSIVE;
				GCC_WARN_UNUSED_FUNCTION = YES;
				GCC_WARN_UNUSED_VARIABLE = YES;
				IPHONEOS_DEPLOYMENT_TARGET = 14.5;
				MTL_ENABLE_DEBUG_INFO = INCLUDE_SOURCE;
				MTL_FAST_MATH = YES;
				ONLY_ACTIVE_ARCH = YES;
				SDKROOT = iphoneos;
				SWIFT_ACTIVE_COMPILATION_CONDITIONS = DEBUG;
				SWIFT_OPTIMIZATION_LEVEL = "-Onone";
			};
			name = Debug;
		};
		C56E70D52687F21D00496EF7 /* Release */ = {
			isa = XCBuildConfiguration;
			buildSettings = {
				ALWAYS_SEARCH_USER_PATHS = NO;
				CLANG_ANALYZER_NONNULL = YES;
				CLANG_ANALYZER_NUMBER_OBJECT_CONVERSION = YES_AGGRESSIVE;
				CLANG_CXX_LANGUAGE_STANDARD = "gnu++14";
				CLANG_CXX_LIBRARY = "libc++";
				CLANG_ENABLE_MODULES = YES;
				CLANG_ENABLE_OBJC_ARC = YES;
				CLANG_ENABLE_OBJC_WEAK = YES;
				CLANG_WARN_BLOCK_CAPTURE_AUTORELEASING = YES;
				CLANG_WARN_BOOL_CONVERSION = YES;
				CLANG_WARN_COMMA = YES;
				CLANG_WARN_CONSTANT_CONVERSION = YES;
				CLANG_WARN_DEPRECATED_OBJC_IMPLEMENTATIONS = YES;
				CLANG_WARN_DIRECT_OBJC_ISA_USAGE = YES_ERROR;
				CLANG_WARN_DOCUMENTATION_COMMENTS = YES;
				CLANG_WARN_EMPTY_BODY = YES;
				CLANG_WARN_ENUM_CONVERSION = YES;
				CLANG_WARN_INFINITE_RECURSION = YES;
				CLANG_WARN_INT_CONVERSION = YES;
				CLANG_WARN_NON_LITERAL_NULL_CONVERSION = YES;
				CLANG_WARN_OBJC_IMPLICIT_RETAIN_SELF = YES;
				CLANG_WARN_OBJC_LITERAL_CONVERSION = YES;
				CLANG_WARN_OBJC_ROOT_CLASS = YES_ERROR;
				CLANG_WARN_QUOTED_INCLUDE_IN_FRAMEWORK_HEADER = YES;
				CLANG_WARN_RANGE_LOOP_ANALYSIS = YES;
				CLANG_WARN_STRICT_PROTOTYPES = YES;
				CLANG_WARN_SUSPICIOUS_MOVE = YES;
				CLANG_WARN_UNGUARDED_AVAILABILITY = YES_AGGRESSIVE;
				CLANG_WARN_UNREACHABLE_CODE = YES;
				CLANG_WARN__DUPLICATE_METHOD_MATCH = YES;
				COPY_PHASE_STRIP = NO;
				DEBUG_INFORMATION_FORMAT = "dwarf-with-dsym";
				ENABLE_NS_ASSERTIONS = NO;
				ENABLE_STRICT_OBJC_MSGSEND = YES;
				GCC_C_LANGUAGE_STANDARD = gnu11;
				GCC_NO_COMMON_BLOCKS = YES;
				GCC_WARN_64_TO_32_BIT_CONVERSION = YES;
				GCC_WARN_ABOUT_RETURN_TYPE = YES_ERROR;
				GCC_WARN_UNDECLARED_SELECTOR = YES;
				GCC_WARN_UNINITIALIZED_AUTOS = YES_AGGRESSIVE;
				GCC_WARN_UNUSED_FUNCTION = YES;
				GCC_WARN_UNUSED_VARIABLE = YES;
				IPHONEOS_DEPLOYMENT_TARGET = 14.5;
				MTL_ENABLE_DEBUG_INFO = NO;
				MTL_FAST_MATH = YES;
				SDKROOT = iphoneos;
				SWIFT_COMPILATION_MODE = wholemodule;
				SWIFT_OPTIMIZATION_LEVEL = "-O";
				VALIDATE_PRODUCT = YES;
			};
			name = Release;
		};
		C56E70D72687F21D00496EF7 /* Debug */ = {
			isa = XCBuildConfiguration;
			buildSettings = {
				ASSETCATALOG_COMPILER_APPICON_NAME = AppIcon;
				ASSETCATALOG_COMPILER_GLOBAL_ACCENT_COLOR_NAME = AccentColor;
				CODE_SIGN_STYLE = Automatic;
				DEVELOPMENT_TEAM = ZD4564ZF8Q;
				INFOPLIST_FILE = MarvelApp/Info.plist;
				LD_RUNPATH_SEARCH_PATHS = (
					"$(inherited)",
					"@executable_path/Frameworks",
				);
				PRODUCT_BUNDLE_IDENTIFIER = sof.frakcool.MarvelApp;
				PRODUCT_NAME = "$(TARGET_NAME)";
				SWIFT_VERSION = 5.0;
				TARGETED_DEVICE_FAMILY = "1,2";
			};
			name = Debug;
		};
		C56E70D82687F21D00496EF7 /* Release */ = {
			isa = XCBuildConfiguration;
			buildSettings = {
				ASSETCATALOG_COMPILER_APPICON_NAME = AppIcon;
				ASSETCATALOG_COMPILER_GLOBAL_ACCENT_COLOR_NAME = AccentColor;
				CODE_SIGN_STYLE = Automatic;
				DEVELOPMENT_TEAM = ZD4564ZF8Q;
				INFOPLIST_FILE = MarvelApp/Info.plist;
				LD_RUNPATH_SEARCH_PATHS = (
					"$(inherited)",
					"@executable_path/Frameworks",
				);
				PRODUCT_BUNDLE_IDENTIFIER = sof.frakcool.MarvelApp;
				PRODUCT_NAME = "$(TARGET_NAME)";
				SWIFT_VERSION = 5.0;
				TARGETED_DEVICE_FAMILY = "1,2";
			};
			name = Release;
		};
		C56E70DA2687F21D00496EF7 /* Debug */ = {
			isa = XCBuildConfiguration;
			buildSettings = {
				ALWAYS_EMBED_SWIFT_STANDARD_LIBRARIES = YES;
				BUNDLE_LOADER = "$(TEST_HOST)";
				CODE_SIGN_STYLE = Automatic;
				DEVELOPMENT_TEAM = ZD4564ZF8Q;
				INFOPLIST_FILE = MarvelAppTests/Info.plist;
				IPHONEOS_DEPLOYMENT_TARGET = 14.5;
				LD_RUNPATH_SEARCH_PATHS = (
					"$(inherited)",
					"@executable_path/Frameworks",
					"@loader_path/Frameworks",
				);
				PRODUCT_BUNDLE_IDENTIFIER = sof.frakcool.MarvelAppTests;
				PRODUCT_NAME = "$(TARGET_NAME)";
				SWIFT_VERSION = 5.0;
				TARGETED_DEVICE_FAMILY = "1,2";
				TEST_HOST = "$(BUILT_PRODUCTS_DIR)/MarvelApp.app/MarvelApp";
			};
			name = Debug;
		};
		C56E70DB2687F21D00496EF7 /* Release */ = {
			isa = XCBuildConfiguration;
			buildSettings = {
				ALWAYS_EMBED_SWIFT_STANDARD_LIBRARIES = YES;
				BUNDLE_LOADER = "$(TEST_HOST)";
				CODE_SIGN_STYLE = Automatic;
				DEVELOPMENT_TEAM = ZD4564ZF8Q;
				INFOPLIST_FILE = MarvelAppTests/Info.plist;
				IPHONEOS_DEPLOYMENT_TARGET = 14.5;
				LD_RUNPATH_SEARCH_PATHS = (
					"$(inherited)",
					"@executable_path/Frameworks",
					"@loader_path/Frameworks",
				);
				PRODUCT_BUNDLE_IDENTIFIER = sof.frakcool.MarvelAppTests;
				PRODUCT_NAME = "$(TARGET_NAME)";
				SWIFT_VERSION = 5.0;
				TARGETED_DEVICE_FAMILY = "1,2";
				TEST_HOST = "$(BUILT_PRODUCTS_DIR)/MarvelApp.app/MarvelApp";
			};
			name = Release;
		};
		C56E70DD2687F21D00496EF7 /* Debug */ = {
			isa = XCBuildConfiguration;
			buildSettings = {
				ALWAYS_EMBED_SWIFT_STANDARD_LIBRARIES = YES;
				CODE_SIGN_STYLE = Automatic;
				DEVELOPMENT_TEAM = ZD4564ZF8Q;
				INFOPLIST_FILE = MarvelAppUITests/Info.plist;
				LD_RUNPATH_SEARCH_PATHS = (
					"$(inherited)",
					"@executable_path/Frameworks",
					"@loader_path/Frameworks",
				);
				PRODUCT_BUNDLE_IDENTIFIER = sof.frakcool.MarvelAppUITests;
				PRODUCT_NAME = "$(TARGET_NAME)";
				SWIFT_VERSION = 5.0;
				TARGETED_DEVICE_FAMILY = "1,2";
				TEST_TARGET_NAME = MarvelApp;
			};
			name = Debug;
		};
		C56E70DE2687F21D00496EF7 /* Release */ = {
			isa = XCBuildConfiguration;
			buildSettings = {
				ALWAYS_EMBED_SWIFT_STANDARD_LIBRARIES = YES;
				CODE_SIGN_STYLE = Automatic;
				DEVELOPMENT_TEAM = ZD4564ZF8Q;
				INFOPLIST_FILE = MarvelAppUITests/Info.plist;
				LD_RUNPATH_SEARCH_PATHS = (
					"$(inherited)",
					"@executable_path/Frameworks",
					"@loader_path/Frameworks",
				);
				PRODUCT_BUNDLE_IDENTIFIER = sof.frakcool.MarvelAppUITests;
				PRODUCT_NAME = "$(TARGET_NAME)";
				SWIFT_VERSION = 5.0;
				TARGETED_DEVICE_FAMILY = "1,2";
				TEST_TARGET_NAME = MarvelApp;
			};
			name = Release;
		};
/* End XCBuildConfiguration section */

/* Begin XCConfigurationList section */
		C56E70A72687F21A00496EF7 /* Build configuration list for PBXProject "MarvelApp" */ = {
			isa = XCConfigurationList;
			buildConfigurations = (
				C56E70D42687F21D00496EF7 /* Debug */,
				C56E70D52687F21D00496EF7 /* Release */,
			);
			defaultConfigurationIsVisible = 0;
			defaultConfigurationName = Release;
		};
		C56E70D62687F21D00496EF7 /* Build configuration list for PBXNativeTarget "MarvelApp" */ = {
			isa = XCConfigurationList;
			buildConfigurations = (
				C56E70D72687F21D00496EF7 /* Debug */,
				C56E70D82687F21D00496EF7 /* Release */,
			);
			defaultConfigurationIsVisible = 0;
			defaultConfigurationName = Release;
		};
		C56E70D92687F21D00496EF7 /* Build configuration list for PBXNativeTarget "MarvelAppTests" */ = {
			isa = XCConfigurationList;
			buildConfigurations = (
				C56E70DA2687F21D00496EF7 /* Debug */,
				C56E70DB2687F21D00496EF7 /* Release */,
			);
			defaultConfigurationIsVisible = 0;
			defaultConfigurationName = Release;
		};
		C56E70DC2687F21D00496EF7 /* Build configuration list for PBXNativeTarget "MarvelAppUITests" */ = {
			isa = XCConfigurationList;
			buildConfigurations = (
				C56E70DD2687F21D00496EF7 /* Debug */,
				C56E70DE2687F21D00496EF7 /* Release */,
			);
			defaultConfigurationIsVisible = 0;
			defaultConfigurationName = Release;
		};
/* End XCConfigurationList section */

/* Begin XCRemoteSwiftPackageReference section */
		C56E70DF2687F32500496EF7 /* XCRemoteSwiftPackageReference "Alamofire" */ = {
			isa = XCRemoteSwiftPackageReference;
			repositoryURL = "https://github.com/Alamofire/Alamofire.git";
			requirement = {
				kind = upToNextMajorVersion;
				minimumVersion = 5.4.3;
			};
		};
		C56E70E22687F3B100496EF7 /* XCRemoteSwiftPackageReference "Moya" */ = {
			isa = XCRemoteSwiftPackageReference;
			repositoryURL = "https://github.com/Moya/Moya.git";
			requirement = {
				kind = upToNextMajorVersion;
				minimumVersion = 14.0.1;
			};
		};
/* End XCRemoteSwiftPackageReference section */

/* Begin XCSwiftPackageProductDependency section */
		C56E70E02687F32500496EF7 /* Alamofire */ = {
			isa = XCSwiftPackageProductDependency;
			package = C56E70DF2687F32500496EF7 /* XCRemoteSwiftPackageReference "Alamofire" */;
			productName = Alamofire;
		};
		C56E70E32687F3B100496EF7 /* Moya */ = {
			isa = XCSwiftPackageProductDependency;
			package = C56E70E22687F3B100496EF7 /* XCRemoteSwiftPackageReference "Moya" */;
			productName = Moya;
		};
/* End XCSwiftPackageProductDependency section */
	};
	rootObject = C56E70A42687F21A00496EF7 /* Project object */;
}
