// !$*UTF8*$!
{
	archiveVersion = 1;
	classes = {
	};
	objectVersion = 52;
	objects = {

/* Begin PBXBuildFile section */
		0F42FFECD3036F68DEF2693B /* Endpoints.swift in Sources */ = {isa = PBXBuildFile; fileRef = FB098F7301E1B018FFCF9C11 /* Endpoints.swift */; };
		2CF30C596AC1D6108F1B7BCD /* CharacterDetailViewController.swift in Sources */ = {isa = PBXBuildFile; fileRef = D34FE017636FBC407A6C3A5E /* CharacterDetailViewController.swift */; };
		369AE8BEBBA12DA146F2ECFA /* HomeInteractor.swift in Sources */ = {isa = PBXBuildFile; fileRef = 7441651888F4CF70C41ECE14 /* HomeInteractor.swift */; };
		3B72D8C0AA00A568778A686B /* HomeProtocols.swift in Sources */ = {isa = PBXBuildFile; fileRef = F146740E6D3C0478239E1017 /* HomeProtocols.swift */; };
		3E3AE82B52B142DB08FF38BD /* CharacterDetailPresenter.swift in Sources */ = {isa = PBXBuildFile; fileRef = 7952A27757ACDE0406F992D0 /* CharacterDetailPresenter.swift */; };
		441B09D7035CAAE660BAB47A /* CharacterDetailProtocols.swift in Sources */ = {isa = PBXBuildFile; fileRef = 421DA2A67F599FC60B2C058F /* CharacterDetailProtocols.swift */; };
		48E4DCAC7AADBC188907301E /* HomeViewController.swift in Sources */ = {isa = PBXBuildFile; fileRef = 6CAB84719579EE4F4CDD781B /* HomeViewController.swift */; };
		62A5B41353138BA484B11971 /* String+Extension.swift in Sources */ = {isa = PBXBuildFile; fileRef = 6A1D1B01C08D8CEF9A6DBD7A /* String+Extension.swift */; };
		7AD25EFB07422AAB6B57712E /* Character.swift in Sources */ = {isa = PBXBuildFile; fileRef = 38A9685DCC48BAEBC6E21A57 /* Character.swift */; };
		877180C9CE60C575FCB1BA53 /* Assets.xcassets in Resources */ = {isa = PBXBuildFile; fileRef = 28D947F42B11F3CC7AF08923 /* Assets.xcassets */; };
		8DEB3644BD8DC0C9F97D97FD /* ErrorUtils.swift in Sources */ = {isa = PBXBuildFile; fileRef = F04F7D8D2D96C172517E9B1C /* ErrorUtils.swift */; };
		8FFB942E5879DB02AD4C9EFB /* LaunchScreen.storyboard in Resources */ = {isa = PBXBuildFile; fileRef = 2480ECF0E08B7E92B5328FCA /* LaunchScreen.storyboard */; };
		94304A50AA3D7A56A99BC53A /* SceneDelegate.swift in Sources */ = {isa = PBXBuildFile; fileRef = 6EDC0F8E77B0E4ED89A2AD33 /* SceneDelegate.swift */; };
		96876D41F76F2EC6C0002A0C /* MarvelAppTests.swift in Sources */ = {isa = PBXBuildFile; fileRef = 88DD58CB45373B209DE37BD1 /* MarvelAppTests.swift */; };
		A98174AC19B1C6D00146A8F1 /* CharacterDetailRouter.swift in Sources */ = {isa = PBXBuildFile; fileRef = 2F5DB277C3866D7C452A216F /* CharacterDetailRouter.swift */; };
		AA3B7FFE5C77AA52BF7736B8 /* Moya in Frameworks */ = {isa = PBXBuildFile; productRef = 272BD088D832E82506B5E56A /* Moya */; };
		BCD911679D4F17F193BF646B /* NetworkManager.swift in Sources */ = {isa = PBXBuildFile; fileRef = BFAF4D451A2310EB7AFB50C1 /* NetworkManager.swift */; };
		BE4A9FCA9CFE4237AB85DA78 /* HomePresenter.swift in Sources */ = {isa = PBXBuildFile; fileRef = 571580FAAEC9AF1A3D67A4F0 /* HomePresenter.swift */; };
		BF5921827527347BADE9315B /* HomeRouter.swift in Sources */ = {isa = PBXBuildFile; fileRef = 41C56685640E9BB0F9156C71 /* HomeRouter.swift */; };
		C0B706F960455EA279CA61FE /* AppDelegate.swift in Sources */ = {isa = PBXBuildFile; fileRef = 9D06B05244B92F9E1EDC9BEE /* AppDelegate.swift */; };
		C556031E26C05C8B00548218 /* Localizable.strings in Resources */ = {isa = PBXBuildFile; fileRef = C556032026C05C8B00548218 /* Localizable.strings */; };
		FB986514A8C879A4AD1F670A /* ImageSizes.swift in Sources */ = {isa = PBXBuildFile; fileRef = BF13308A43F784D99BD5EE0D /* ImageSizes.swift */; };
		FC228BF347525AFF3758B986 /* CharacterDetailsInteractor.swift in Sources */ = {isa = PBXBuildFile; fileRef = 586573F1E6764FCADB6C66B5 /* CharacterDetailsInteractor.swift */; };
/* End PBXBuildFile section */

/* Begin PBXContainerItemProxy section */
		67A1376380963CEBDF8931BC /* PBXContainerItemProxy */ = {
			isa = PBXContainerItemProxy;
			containerPortal = C2CDF19C1354E02AEAC1F501 /* Project object */;
			proxyType = 1;
			remoteGlobalIDString = 95EEBF3B4E95E952BB262FC3;
			remoteInfo = MarvelApp;
		};
/* End PBXContainerItemProxy section */

/* Begin PBXFileReference section */
		09915B82812CDFF1939F3B9C /* MarvelApp-iOS-Tests.xctest */ = {isa = PBXFileReference; includeInIndex = 0; lastKnownFileType = wrapper.cfbundle; path = "MarvelApp-iOS-Tests.xctest"; sourceTree = BUILT_PRODUCTS_DIR; };
		28D947F42B11F3CC7AF08923 /* Assets.xcassets */ = {isa = PBXFileReference; lastKnownFileType = folder.assetcatalog; path = Assets.xcassets; sourceTree = "<group>"; };
		2F5DB277C3866D7C452A216F /* CharacterDetailRouter.swift */ = {isa = PBXFileReference; lastKnownFileType = sourcecode.swift; path = CharacterDetailRouter.swift; sourceTree = "<group>"; };
		38A9685DCC48BAEBC6E21A57 /* Character.swift */ = {isa = PBXFileReference; lastKnownFileType = sourcecode.swift; path = Character.swift; sourceTree = "<group>"; };
		41C56685640E9BB0F9156C71 /* HomeRouter.swift */ = {isa = PBXFileReference; lastKnownFileType = sourcecode.swift; path = HomeRouter.swift; sourceTree = "<group>"; };
		421DA2A67F599FC60B2C058F /* CharacterDetailProtocols.swift */ = {isa = PBXFileReference; lastKnownFileType = sourcecode.swift; path = CharacterDetailProtocols.swift; sourceTree = "<group>"; };
		571580FAAEC9AF1A3D67A4F0 /* HomePresenter.swift */ = {isa = PBXFileReference; lastKnownFileType = sourcecode.swift; path = HomePresenter.swift; sourceTree = "<group>"; };
		586573F1E6764FCADB6C66B5 /* CharacterDetailsInteractor.swift */ = {isa = PBXFileReference; lastKnownFileType = sourcecode.swift; path = CharacterDetailsInteractor.swift; sourceTree = "<group>"; };
		6A1D1B01C08D8CEF9A6DBD7A /* String+Extension.swift */ = {isa = PBXFileReference; lastKnownFileType = sourcecode.swift; path = "String+Extension.swift"; sourceTree = "<group>"; };
		6CAB84719579EE4F4CDD781B /* HomeViewController.swift */ = {isa = PBXFileReference; lastKnownFileType = sourcecode.swift; path = HomeViewController.swift; sourceTree = "<group>"; };
		6CF6C7C1C581EA4F5B81AC48 /* Base */ = {isa = PBXFileReference; lastKnownFileType = file.storyboard; name = Base; path = Base.lproj/LaunchScreen.storyboard; sourceTree = "<group>"; };
		6EDC0F8E77B0E4ED89A2AD33 /* SceneDelegate.swift */ = {isa = PBXFileReference; lastKnownFileType = sourcecode.swift; path = SceneDelegate.swift; sourceTree = "<group>"; };
		7441651888F4CF70C41ECE14 /* HomeInteractor.swift */ = {isa = PBXFileReference; lastKnownFileType = sourcecode.swift; path = HomeInteractor.swift; sourceTree = "<group>"; };
		7952A27757ACDE0406F992D0 /* CharacterDetailPresenter.swift */ = {isa = PBXFileReference; lastKnownFileType = sourcecode.swift; path = CharacterDetailPresenter.swift; sourceTree = "<group>"; };
		88DD58CB45373B209DE37BD1 /* MarvelAppTests.swift */ = {isa = PBXFileReference; lastKnownFileType = sourcecode.swift; path = MarvelAppTests.swift; sourceTree = "<group>"; };
		9A9C21077B9587F9FF19EF4A /* MarvelApp.app */ = {isa = PBXFileReference; includeInIndex = 0; lastKnownFileType = wrapper.application; path = MarvelApp.app; sourceTree = BUILT_PRODUCTS_DIR; };
		9D06B05244B92F9E1EDC9BEE /* AppDelegate.swift */ = {isa = PBXFileReference; lastKnownFileType = sourcecode.swift; path = AppDelegate.swift; sourceTree = "<group>"; };
		BF13308A43F784D99BD5EE0D /* ImageSizes.swift */ = {isa = PBXFileReference; lastKnownFileType = sourcecode.swift; path = ImageSizes.swift; sourceTree = "<group>"; };
		BFAF4D451A2310EB7AFB50C1 /* NetworkManager.swift */ = {isa = PBXFileReference; lastKnownFileType = sourcecode.swift; path = NetworkManager.swift; sourceTree = "<group>"; };
		C556031A26C05C0C00548218 /* es-419 */ = {isa = PBXFileReference; lastKnownFileType = text.plist.strings; name = "es-419"; path = "es-419.lproj/LaunchScreen.strings"; sourceTree = "<group>"; };
		C556031F26C05C8B00548218 /* es-419 */ = {isa = PBXFileReference; lastKnownFileType = text.plist.strings; name = "es-419"; path = "es-419.lproj/Localizable.strings"; sourceTree = "<group>"; };
		C556032126C05DD100548218 /* en */ = {isa = PBXFileReference; lastKnownFileType = text.plist.strings; name = en; path = en.lproj/Localizable.strings; sourceTree = "<group>"; };
		D34FE017636FBC407A6C3A5E /* CharacterDetailViewController.swift */ = {isa = PBXFileReference; lastKnownFileType = sourcecode.swift; path = CharacterDetailViewController.swift; sourceTree = "<group>"; };
		E2AEB85BCC383F77D8DE65A1 /* Info.plist */ = {isa = PBXFileReference; lastKnownFileType = text.plist; path = Info.plist; sourceTree = "<group>"; };
		F04F7D8D2D96C172517E9B1C /* ErrorUtils.swift */ = {isa = PBXFileReference; lastKnownFileType = sourcecode.swift; path = ErrorUtils.swift; sourceTree = "<group>"; };
		F146740E6D3C0478239E1017 /* HomeProtocols.swift */ = {isa = PBXFileReference; lastKnownFileType = sourcecode.swift; path = HomeProtocols.swift; sourceTree = "<group>"; };
		FB098F7301E1B018FFCF9C11 /* Endpoints.swift */ = {isa = PBXFileReference; lastKnownFileType = sourcecode.swift; path = Endpoints.swift; sourceTree = "<group>"; };
		FDE68565CCEF3FDBBB509D16 /* Info.plist */ = {isa = PBXFileReference; lastKnownFileType = text.plist; path = Info.plist; sourceTree = "<group>"; };
/* End PBXFileReference section */

/* Begin PBXFrameworksBuildPhase section */
		40A35EEC1A834D6CE9A2D0BC /* Frameworks */ = {
			isa = PBXFrameworksBuildPhase;
			buildActionMask = 2147483647;
			files = (
				AA3B7FFE5C77AA52BF7736B8 /* Moya in Frameworks */,
			);
			runOnlyForDeploymentPostprocessing = 0;
		};
/* End PBXFrameworksBuildPhase section */

/* Begin PBXGroup section */
		0EE87D2809DC5B3B42965F0B /* MarvelAppTests */ = {
			isa = PBXGroup;
			children = (
				E2AEB85BCC383F77D8DE65A1 /* Info.plist */,
				88DD58CB45373B209DE37BD1 /* MarvelAppTests.swift */,
			);
			path = MarvelAppTests;
			sourceTree = "<group>";
		};
		3AC7984DE1FF8E9812CB762C /* Network */ = {
			isa = PBXGroup;
			children = (
				FB098F7301E1B018FFCF9C11 /* Endpoints.swift */,
				BFAF4D451A2310EB7AFB50C1 /* NetworkManager.swift */,
			);
			path = Network;
			sourceTree = "<group>";
		};
		4E953597E178F49C0C9F7667 /* Interactor */ = {
			isa = PBXGroup;
			children = (
				586573F1E6764FCADB6C66B5 /* CharacterDetailsInteractor.swift */,
				7441651888F4CF70C41ECE14 /* HomeInteractor.swift */,
			);
			path = Interactor;
			sourceTree = "<group>";
		};
		582766261D86F5A4199F7BF3 /* Extensions */ = {
			isa = PBXGroup;
			children = (
				6A1D1B01C08D8CEF9A6DBD7A /* String+Extension.swift */,
			);
			path = Extensions;
			sourceTree = "<group>";
		};
		634A5C905BCC1EE036D96932 /* MarvelApp */ = {
			isa = PBXGroup;
			children = (
				9D06B05244B92F9E1EDC9BEE /* AppDelegate.swift */,
				FDE68565CCEF3FDBBB509D16 /* Info.plist */,
				2480ECF0E08B7E92B5328FCA /* LaunchScreen.storyboard */,
				6EDC0F8E77B0E4ED89A2AD33 /* SceneDelegate.swift */,
				C934A5ECEE1EBBC9755003FD /* Common */,
				C2E5E21D3FA6F40BC5CA693A /* Entity */,
				4E953597E178F49C0C9F7667 /* Interactor */,
				8CDCF1640351271C63ECC828 /* Presenter */,
				CF2D57188C76B7D82E2C8BAC /* Protocols */,
				7FA809FE1DBB69463C4CA2F1 /* Router */,
				86AA7333FAEAD2468354EA4B /* View */,
			);
			path = MarvelApp;
			sourceTree = "<group>";
		};
		7FA809FE1DBB69463C4CA2F1 /* Router */ = {
			isa = PBXGroup;
			children = (
				2F5DB277C3866D7C452A216F /* CharacterDetailRouter.swift */,
				41C56685640E9BB0F9156C71 /* HomeRouter.swift */,
			);
			path = Router;
			sourceTree = "<group>";
		};
		86AA7333FAEAD2468354EA4B /* View */ = {
			isa = PBXGroup;
			children = (
				D34FE017636FBC407A6C3A5E /* CharacterDetailViewController.swift */,
				6CAB84719579EE4F4CDD781B /* HomeViewController.swift */,
			);
			path = View;
			sourceTree = "<group>";
		};
		8CDCF1640351271C63ECC828 /* Presenter */ = {
			isa = PBXGroup;
			children = (
				7952A27757ACDE0406F992D0 /* CharacterDetailPresenter.swift */,
				571580FAAEC9AF1A3D67A4F0 /* HomePresenter.swift */,
			);
			path = Presenter;
			sourceTree = "<group>";
		};
		A8DA85423084235E68924F92 = {
			isa = PBXGroup;
			children = (
				634A5C905BCC1EE036D96932 /* MarvelApp */,
				0EE87D2809DC5B3B42965F0B /* MarvelAppTests */,
				E419C747A2FAB7378E7EA2B3 /* Products */,
			);
			indentWidth = 4;
			sourceTree = "<group>";
			tabWidth = 4;
		};
		C1CB8BBF545999E9B707B55B /* Utils */ = {
			isa = PBXGroup;
			children = (
				F04F7D8D2D96C172517E9B1C /* ErrorUtils.swift */,
				BF13308A43F784D99BD5EE0D /* ImageSizes.swift */,
			);
			path = Utils;
			sourceTree = "<group>";
		};
		C2E5E21D3FA6F40BC5CA693A /* Entity */ = {
			isa = PBXGroup;
			children = (
				38A9685DCC48BAEBC6E21A57 /* Character.swift */,
			);
			path = Entity;
			sourceTree = "<group>";
		};
		C556031B26C05C5500548218 /* Resources */ = {
			isa = PBXGroup;
			children = (
				28D947F42B11F3CC7AF08923 /* Assets.xcassets */,
				C556032026C05C8B00548218 /* Localizable.strings */,
			);
			path = Resources;
			sourceTree = "<group>";
		};
		C934A5ECEE1EBBC9755003FD /* Common */ = {
			isa = PBXGroup;
			children = (
				C556031B26C05C5500548218 /* Resources */,
				582766261D86F5A4199F7BF3 /* Extensions */,
				3AC7984DE1FF8E9812CB762C /* Network */,
				C1CB8BBF545999E9B707B55B /* Utils */,
			);
			path = Common;
			sourceTree = "<group>";
		};
		CF2D57188C76B7D82E2C8BAC /* Protocols */ = {
			isa = PBXGroup;
			children = (
				421DA2A67F599FC60B2C058F /* CharacterDetailProtocols.swift */,
				F146740E6D3C0478239E1017 /* HomeProtocols.swift */,
			);
			path = Protocols;
			sourceTree = "<group>";
		};
		E419C747A2FAB7378E7EA2B3 /* Products */ = {
			isa = PBXGroup;
			children = (
				09915B82812CDFF1939F3B9C /* MarvelApp-iOS-Tests.xctest */,
				9A9C21077B9587F9FF19EF4A /* MarvelApp.app */,
			);
			name = Products;
			sourceTree = "<group>";
		};
/* End PBXGroup section */

/* Begin PBXNativeTarget section */
		2E5FCB94468320C49FECB1C0 /* MarvelApp-iOS-Tests */ = {
			isa = PBXNativeTarget;
			buildConfigurationList = E8718391291BB98CB917083B /* Build configuration list for PBXNativeTarget "MarvelApp-iOS-Tests" */;
			buildPhases = (
				CCD0935953D65A47B253AF17 /* Sources */,
			);
			buildRules = (
			);
			dependencies = (
				746271B373F4F64BD102F482 /* PBXTargetDependency */,
			);
			name = "MarvelApp-iOS-Tests";
			productName = "MarvelApp-iOS-Tests";
			productReference = 09915B82812CDFF1939F3B9C /* MarvelApp-iOS-Tests.xctest */;
			productType = "com.apple.product-type.bundle.unit-test";
		};
		95EEBF3B4E95E952BB262FC3 /* MarvelApp */ = {
			isa = PBXNativeTarget;
			buildConfigurationList = 9B33602281B035B0212F912B /* Build configuration list for PBXNativeTarget "MarvelApp" */;
			buildPhases = (
				0F3396298967D7A549BCEF2F /* Sources */,
				602E09D3A8F9CF52D91DA308 /* Resources */,
				40A35EEC1A834D6CE9A2D0BC /* Frameworks */,
			);
			buildRules = (
			);
			dependencies = (
			);
			name = MarvelApp;
			packageProductDependencies = (
				272BD088D832E82506B5E56A /* Moya */,
			);
			productName = MarvelApp;
			productReference = 9A9C21077B9587F9FF19EF4A /* MarvelApp.app */;
			productType = "com.apple.product-type.application";
		};
/* End PBXNativeTarget section */

/* Begin PBXProject section */
		C2CDF19C1354E02AEAC1F501 /* Project object */ = {
			isa = PBXProject;
			attributes = {
				LastUpgradeCheck = 1200;
			};
			buildConfigurationList = 60B3EA642ABB7D13591E2011 /* Build configuration list for PBXProject "MarvelApp" */;
			compatibilityVersion = "Xcode 10.0";
			developmentRegion = en;
			hasScannedForEncodings = 0;
			knownRegions = (
				Base,
				en,
				"es-419",
			);
			mainGroup = A8DA85423084235E68924F92;
			packageReferences = (
				78FC7431118DD67E82CBFE05 /* XCRemoteSwiftPackageReference "Alamofire" */,
				30E11BD32D26255B9DC9E41F /* XCRemoteSwiftPackageReference "Moya" */,
			);
			projectDirPath = "";
			projectRoot = "";
			targets = (
				95EEBF3B4E95E952BB262FC3 /* MarvelApp */,
				2E5FCB94468320C49FECB1C0 /* MarvelApp-iOS-Tests */,
			);
		};
/* End PBXProject section */

/* Begin PBXResourcesBuildPhase section */
		602E09D3A8F9CF52D91DA308 /* Resources */ = {
			isa = PBXResourcesBuildPhase;
			buildActionMask = 2147483647;
			files = (
				877180C9CE60C575FCB1BA53 /* Assets.xcassets in Resources */,
				C556031E26C05C8B00548218 /* Localizable.strings in Resources */,
				8FFB942E5879DB02AD4C9EFB /* LaunchScreen.storyboard in Resources */,
			);
			runOnlyForDeploymentPostprocessing = 0;
		};
/* End PBXResourcesBuildPhase section */

/* Begin PBXSourcesBuildPhase section */
		0F3396298967D7A549BCEF2F /* Sources */ = {
			isa = PBXSourcesBuildPhase;
			buildActionMask = 2147483647;
			files = (
				C0B706F960455EA279CA61FE /* AppDelegate.swift in Sources */,
				7AD25EFB07422AAB6B57712E /* Character.swift in Sources */,
				3E3AE82B52B142DB08FF38BD /* CharacterDetailPresenter.swift in Sources */,
				441B09D7035CAAE660BAB47A /* CharacterDetailProtocols.swift in Sources */,
				A98174AC19B1C6D00146A8F1 /* CharacterDetailRouter.swift in Sources */,
				2CF30C596AC1D6108F1B7BCD /* CharacterDetailViewController.swift in Sources */,
				FC228BF347525AFF3758B986 /* CharacterDetailsInteractor.swift in Sources */,
				0F42FFECD3036F68DEF2693B /* Endpoints.swift in Sources */,
				8DEB3644BD8DC0C9F97D97FD /* ErrorUtils.swift in Sources */,
				369AE8BEBBA12DA146F2ECFA /* HomeInteractor.swift in Sources */,
				BE4A9FCA9CFE4237AB85DA78 /* HomePresenter.swift in Sources */,
				3B72D8C0AA00A568778A686B /* HomeProtocols.swift in Sources */,
				BF5921827527347BADE9315B /* HomeRouter.swift in Sources */,
				48E4DCAC7AADBC188907301E /* HomeViewController.swift in Sources */,
				FB986514A8C879A4AD1F670A /* ImageSizes.swift in Sources */,
				BCD911679D4F17F193BF646B /* NetworkManager.swift in Sources */,
				94304A50AA3D7A56A99BC53A /* SceneDelegate.swift in Sources */,
				62A5B41353138BA484B11971 /* String+Extension.swift in Sources */,
			);
			runOnlyForDeploymentPostprocessing = 0;
		};
		CCD0935953D65A47B253AF17 /* Sources */ = {
			isa = PBXSourcesBuildPhase;
			buildActionMask = 2147483647;
			files = (
				96876D41F76F2EC6C0002A0C /* MarvelAppTests.swift in Sources */,
			);
			runOnlyForDeploymentPostprocessing = 0;
		};
/* End PBXSourcesBuildPhase section */

/* Begin PBXTargetDependency section */
		746271B373F4F64BD102F482 /* PBXTargetDependency */ = {
			isa = PBXTargetDependency;
			target = 95EEBF3B4E95E952BB262FC3 /* MarvelApp */;
			targetProxy = 67A1376380963CEBDF8931BC /* PBXContainerItemProxy */;
		};
/* End PBXTargetDependency section */

/* Begin PBXVariantGroup section */
		2480ECF0E08B7E92B5328FCA /* LaunchScreen.storyboard */ = {
			isa = PBXVariantGroup;
			children = (
				6CF6C7C1C581EA4F5B81AC48 /* Base */,
				C556031A26C05C0C00548218 /* es-419 */,
			);
			name = LaunchScreen.storyboard;
			sourceTree = "<group>";
		};
		C556032026C05C8B00548218 /* Localizable.strings */ = {
			isa = PBXVariantGroup;
			children = (
				C556031F26C05C8B00548218 /* es-419 */,
				C556032126C05DD100548218 /* en */,
			);
			name = Localizable.strings;
			sourceTree = "<group>";
		};
/* End PBXVariantGroup section */

/* Begin XCBuildConfiguration section */
		0C7F79BC4923893AE3326A6A /* Release */ = {
			isa = XCBuildConfiguration;
			buildSettings = {
				BUNDLE_LOADER = "$(TEST_HOST)";
				INFOPLIST_FILE = MarvelAppTests/Info.plist;
				IPHONEOS_DEPLOYMENT_TARGET = 14.0;
				LD_RUNPATH_SEARCH_PATHS = (
					"$(inherited)",
					"@executable_path/Frameworks",
					"@loader_path/Frameworks",
				);
				PRODUCT_BUNDLE_IDENTIFIER = "sof.frakcool.MarvelApp.MarvelApp-iOS-Tests";
				SDKROOT = iphoneos;
				TARGETED_DEVICE_FAMILY = "1,2";
				TEST_HOST = "$(BUILT_PRODUCTS_DIR)/MarvelApp.app/MarvelApp";
			};
			name = Release;
		};
		36879833895C5C304557ADF5 /* Debug */ = {
			isa = XCBuildConfiguration;
			buildSettings = {
				ALWAYS_SEARCH_USER_PATHS = NO;
				CLANG_ANALYZER_LOCALIZABILITY_NONLOCALIZED = YES;
				CLANG_ANALYZER_NONNULL = YES;
				CLANG_ANALYZER_NUMBER_OBJECT_CONVERSION = YES_AGGRESSIVE;
				CLANG_CXX_LANGUAGE_STANDARD = "gnu++14";
				CLANG_CXX_LIBRARY = "libc++";
				CLANG_ENABLE_MODULES = YES;
				CLANG_ENABLE_OBJC_ARC = YES;
				CLANG_ENABLE_OBJC_WEAK = YES;
				CLANG_WARN_BLOCK_CAPTURE_AUTORELEASING = YES;
				CLANG_WARN_BOOL_CONVERSION = YES;
				CLANG_WARN_COMMA = YES;
				CLANG_WARN_CONSTANT_CONVERSION = YES;
				CLANG_WARN_DEPRECATED_OBJC_IMPLEMENTATIONS = YES;
				CLANG_WARN_DIRECT_OBJC_ISA_USAGE = YES_ERROR;
				CLANG_WARN_DOCUMENTATION_COMMENTS = YES;
				CLANG_WARN_EMPTY_BODY = YES;
				CLANG_WARN_ENUM_CONVERSION = YES;
				CLANG_WARN_INFINITE_RECURSION = YES;
				CLANG_WARN_INT_CONVERSION = YES;
				CLANG_WARN_NON_LITERAL_NULL_CONVERSION = YES;
				CLANG_WARN_OBJC_IMPLICIT_RETAIN_SELF = YES;
				CLANG_WARN_OBJC_LITERAL_CONVERSION = YES;
				CLANG_WARN_OBJC_ROOT_CLASS = YES_ERROR;
				CLANG_WARN_QUOTED_INCLUDE_IN_FRAMEWORK_HEADER = YES;
				CLANG_WARN_RANGE_LOOP_ANALYSIS = YES;
				CLANG_WARN_STRICT_PROTOTYPES = YES;
				CLANG_WARN_SUSPICIOUS_MOVE = YES;
				CLANG_WARN_UNGUARDED_AVAILABILITY = YES_AGGRESSIVE;
				CLANG_WARN_UNREACHABLE_CODE = YES;
				CLANG_WARN__DUPLICATE_METHOD_MATCH = YES;
				COPY_PHASE_STRIP = NO;
				DEBUG_INFORMATION_FORMAT = dwarf;
				ENABLE_STRICT_OBJC_MSGSEND = YES;
				ENABLE_TESTABILITY = YES;
				GCC_C_LANGUAGE_STANDARD = gnu11;
				GCC_DYNAMIC_NO_PIC = NO;
				GCC_NO_COMMON_BLOCKS = YES;
				GCC_OPTIMIZATION_LEVEL = 0;
				GCC_PREPROCESSOR_DEFINITIONS = (
					"$(inherited)",
					"DEBUG=1",
				);
				GCC_WARN_64_TO_32_BIT_CONVERSION = YES;
				GCC_WARN_ABOUT_RETURN_TYPE = YES_ERROR;
				GCC_WARN_UNDECLARED_SELECTOR = YES;
				GCC_WARN_UNINITIALIZED_AUTOS = YES_AGGRESSIVE;
				GCC_WARN_UNUSED_FUNCTION = YES;
				GCC_WARN_UNUSED_VARIABLE = YES;
				MTL_ENABLE_DEBUG_INFO = INCLUDE_SOURCE;
				MTL_FAST_MATH = YES;
				ONLY_ACTIVE_ARCH = YES;
				PRODUCT_NAME = "$(TARGET_NAME)";
				SDKROOT = iphoneos;
				SWIFT_ACTIVE_COMPILATION_CONDITIONS = DEBUG;
				SWIFT_OPTIMIZATION_LEVEL = "-Onone";
				SWIFT_VERSION = 5.0;
			};
			name = Debug;
		};
		4D2CA162C227321633A3C166 /* Release */ = {
			isa = XCBuildConfiguration;
			buildSettings = {
				ALWAYS_SEARCH_USER_PATHS = NO;
				CLANG_ANALYZER_LOCALIZABILITY_NONLOCALIZED = YES;
				CLANG_ANALYZER_NONNULL = YES;
				CLANG_ANALYZER_NUMBER_OBJECT_CONVERSION = YES_AGGRESSIVE;
				CLANG_CXX_LANGUAGE_STANDARD = "gnu++14";
				CLANG_CXX_LIBRARY = "libc++";
				CLANG_ENABLE_MODULES = YES;
				CLANG_ENABLE_OBJC_ARC = YES;
				CLANG_ENABLE_OBJC_WEAK = YES;
				CLANG_WARN_BLOCK_CAPTURE_AUTORELEASING = YES;
				CLANG_WARN_BOOL_CONVERSION = YES;
				CLANG_WARN_COMMA = YES;
				CLANG_WARN_CONSTANT_CONVERSION = YES;
				CLANG_WARN_DEPRECATED_OBJC_IMPLEMENTATIONS = YES;
				CLANG_WARN_DIRECT_OBJC_ISA_USAGE = YES_ERROR;
				CLANG_WARN_DOCUMENTATION_COMMENTS = YES;
				CLANG_WARN_EMPTY_BODY = YES;
				CLANG_WARN_ENUM_CONVERSION = YES;
				CLANG_WARN_INFINITE_RECURSION = YES;
				CLANG_WARN_INT_CONVERSION = YES;
				CLANG_WARN_NON_LITERAL_NULL_CONVERSION = YES;
				CLANG_WARN_OBJC_IMPLICIT_RETAIN_SELF = YES;
				CLANG_WARN_OBJC_LITERAL_CONVERSION = YES;
				CLANG_WARN_OBJC_ROOT_CLASS = YES_ERROR;
				CLANG_WARN_QUOTED_INCLUDE_IN_FRAMEWORK_HEADER = YES;
				CLANG_WARN_RANGE_LOOP_ANALYSIS = YES;
				CLANG_WARN_STRICT_PROTOTYPES = YES;
				CLANG_WARN_SUSPICIOUS_MOVE = YES;
				CLANG_WARN_UNGUARDED_AVAILABILITY = YES_AGGRESSIVE;
				CLANG_WARN_UNREACHABLE_CODE = YES;
				CLANG_WARN__DUPLICATE_METHOD_MATCH = YES;
				COPY_PHASE_STRIP = NO;
				DEBUG_INFORMATION_FORMAT = "dwarf-with-dsym";
				ENABLE_NS_ASSERTIONS = NO;
				ENABLE_STRICT_OBJC_MSGSEND = YES;
				GCC_C_LANGUAGE_STANDARD = gnu11;
				GCC_NO_COMMON_BLOCKS = YES;
				GCC_WARN_64_TO_32_BIT_CONVERSION = YES;
				GCC_WARN_ABOUT_RETURN_TYPE = YES_ERROR;
				GCC_WARN_UNDECLARED_SELECTOR = YES;
				GCC_WARN_UNINITIALIZED_AUTOS = YES_AGGRESSIVE;
				GCC_WARN_UNUSED_FUNCTION = YES;
				GCC_WARN_UNUSED_VARIABLE = YES;
				MTL_ENABLE_DEBUG_INFO = NO;
				MTL_FAST_MATH = YES;
				PRODUCT_NAME = "$(TARGET_NAME)";
				SDKROOT = iphoneos;
				SWIFT_COMPILATION_MODE = wholemodule;
				SWIFT_OPTIMIZATION_LEVEL = "-O";
				SWIFT_VERSION = 5.0;
			};
			name = Release;
		};
		5ABFD4C13A5D6605045A4BE9 /* Debug */ = {
			isa = XCBuildConfiguration;
			buildSettings = {
				ASSETCATALOG_COMPILER_APPICON_NAME = AppIcon;
				CODE_SIGN_IDENTITY = "iPhone Developer";
				INFOPLIST_FILE = MarvelApp/Info.plist;
				IPHONEOS_DEPLOYMENT_TARGET = 14.0;
				LD_RUNPATH_SEARCH_PATHS = (
					"$(inherited)",
					"@executable_path/Frameworks",
				);
				PRODUCT_BUNDLE_IDENTIFIER = sof.frakcool.MarvelApp.MarvelApp;
				SDKROOT = iphoneos;
				TARGETED_DEVICE_FAMILY = "1,2";
			};
			name = Debug;
		};
		5C35A00FB0E0F2112C8073AE /* Release */ = {
			isa = XCBuildConfiguration;
			buildSettings = {
				ASSETCATALOG_COMPILER_APPICON_NAME = AppIcon;
				CODE_SIGN_IDENTITY = "iPhone Developer";
				INFOPLIST_FILE = MarvelApp/Info.plist;
				IPHONEOS_DEPLOYMENT_TARGET = 14.0;
				LD_RUNPATH_SEARCH_PATHS = (
					"$(inherited)",
					"@executable_path/Frameworks",
				);
				PRODUCT_BUNDLE_IDENTIFIER = sof.frakcool.MarvelApp.MarvelApp;
				SDKROOT = iphoneos;
				TARGETED_DEVICE_FAMILY = "1,2";
			};
			name = Release;
		};
		A29C671E433701D4BBF10BAC /* Debug */ = {
			isa = XCBuildConfiguration;
			buildSettings = {
				BUNDLE_LOADER = "$(TEST_HOST)";
				INFOPLIST_FILE = MarvelAppTests/Info.plist;
				IPHONEOS_DEPLOYMENT_TARGET = 14.0;
				LD_RUNPATH_SEARCH_PATHS = (
					"$(inherited)",
					"@executable_path/Frameworks",
					"@loader_path/Frameworks",
				);
				PRODUCT_BUNDLE_IDENTIFIER = "sof.frakcool.MarvelApp.MarvelApp-iOS-Tests";
				SDKROOT = iphoneos;
				TARGETED_DEVICE_FAMILY = "1,2";
				TEST_HOST = "$(BUILT_PRODUCTS_DIR)/MarvelApp.app/MarvelApp";
			};
			name = Debug;
		};
/* End XCBuildConfiguration section */

/* Begin XCConfigurationList section */
		60B3EA642ABB7D13591E2011 /* Build configuration list for PBXProject "MarvelApp" */ = {
			isa = XCConfigurationList;
			buildConfigurations = (
				36879833895C5C304557ADF5 /* Debug */,
				4D2CA162C227321633A3C166 /* Release */,
			);
			defaultConfigurationIsVisible = 0;
			defaultConfigurationName = Debug;
		};
		9B33602281B035B0212F912B /* Build configuration list for PBXNativeTarget "MarvelApp" */ = {
			isa = XCConfigurationList;
			buildConfigurations = (
				5ABFD4C13A5D6605045A4BE9 /* Debug */,
				5C35A00FB0E0F2112C8073AE /* Release */,
			);
			defaultConfigurationIsVisible = 0;
			defaultConfigurationName = Debug;
		};
		E8718391291BB98CB917083B /* Build configuration list for PBXNativeTarget "MarvelApp-iOS-Tests" */ = {
			isa = XCConfigurationList;
			buildConfigurations = (
				A29C671E433701D4BBF10BAC /* Debug */,
				0C7F79BC4923893AE3326A6A /* Release */,
			);
			defaultConfigurationIsVisible = 0;
			defaultConfigurationName = Debug;
		};
/* End XCConfigurationList section */

/* Begin XCRemoteSwiftPackageReference section */
		30E11BD32D26255B9DC9E41F /* XCRemoteSwiftPackageReference "Moya" */ = {
			isa = XCRemoteSwiftPackageReference;
			repositoryURL = "https://github.com/Moya/Moya";
			requirement = {
				kind = upToNextMajorVersion;
				minimumVersion = 14.0.0;
			};
		};
		78FC7431118DD67E82CBFE05 /* XCRemoteSwiftPackageReference "Alamofire" */ = {
			isa = XCRemoteSwiftPackageReference;
			repositoryURL = "https://github.com/Alamofire/Alamofire";
			requirement = {
				kind = upToNextMajorVersion;
				minimumVersion = 5.4;
			};
		};
/* End XCRemoteSwiftPackageReference section */

/* Begin XCSwiftPackageProductDependency section */
		272BD088D832E82506B5E56A /* Moya */ = {
			isa = XCSwiftPackageProductDependency;
			package = 30E11BD32D26255B9DC9E41F /* XCRemoteSwiftPackageReference "Moya" */;
			productName = Moya;
		};
/* End XCSwiftPackageProductDependency section */
	};
	rootObject = C2CDF19C1354E02AEAC1F501 /* Project object */;
}
